
Microsoft Visual Studio Solution File, Format Version 12.00
# Visual Studio Version 16
VisualStudioVersion = 16.0.29209.62
MinimumVisualStudioVersion = 10.0.40219.1
Project("{FAE04EC0-301F-11D3-BF4B-00C04F79EFBC}") = "mvcdemofolderstructure", "mvcdemofolderstructure\mvcdemofolderstructure.csproj", "{0F7ACD12-88AF-4341-B939-CADF0FD96354}"
EndProject
Global
	GlobalSection(SolutionConfigurationPlatforms) = preSolution
		Debug|Any CPU = Debug|Any CPU
		Release|Any CPU = Release|Any CPU
	EndGlobalSection
	GlobalSection(ProjectConfigurationPlatforms) = postSolution
		{0F7ACD12-88AF-4341-B939-CADF0FD96354}.Debug|Any CPU.ActiveCfg = Debug|Any CPU
		{0F7ACD12-88AF-4341-B939-CADF0FD96354}.Debug|Any CPU.Build.0 = Debug|Any CPU
		{0F7ACD12-88AF-4341-B939-CADF0FD96354}.Release|Any CPU.ActiveCfg = Release|Any CPU
		{0F7ACD12-88AF-4341-B939-CADF0FD96354}.Release|Any CPU.Build.0 = Release|Any CPU
	EndGlobalSection
	GlobalSection(SolutionProperties) = preSolution
		HideSolutionNode = FALSE
	EndGlobalSection
	GlobalSection(ExtensibilityGlobals) = postSolution
		SolutionGuid = {DD8AA027-7B3F-432D-9796-8B74C9073D33}
	EndGlobalSection
EndGlobal
